
Microsoft Visual Studio Solution File, Format Version 12.00
Project("{2150E333-8FDC-42A3-9474-1A3956D46DE8}") = "Matt.DDD", "Matt.DDD", "{8539FE56-73EC-499C-A508-DBC110EC2F4B}"
EndProject
Project("{2150E333-8FDC-42A3-9474-1A3956D46DE8}") = "src", "src", "{F28AFC21-DE2E-4FE3-8028-0E57E739549B}"
EndProject
Project("{2150E333-8FDC-42A3-9474-1A3956D46DE8}") = "test", "test", "{79AEEEC3-F97C-45C0-AF71-9D2A891EF2FD}"
EndProject
Project("{FAE04EC0-301F-11D3-BF4B-00C04F79EFBC}") = "Matt.SharedKernel", "Matt.SharedKernel\Matt.SharedKernel.csproj", "{FEE731C2-6BE4-499A-9610-604EA0D60811}"
EndProject
Project("{FAE04EC0-301F-11D3-BF4B-00C04F79EFBC}") = "Matt.ResultObject", "Matt.ResultObject\Matt.ResultObject.csproj", "{0B1202D1-5C37-45EB-AD18-445F5B8BE3AB}"
EndProject
Project("{FAE04EC0-301F-11D3-BF4B-00C04F79EFBC}") = "Matt.Paginated", "Matt.Paginated\Matt.Paginated.csproj", "{32BDAF77-3755-433D-A615-DBC6ECD36A1C}"
EndProject
Project("{FAE04EC0-301F-11D3-BF4B-00C04F79EFBC}") = "Matt.Auditing", "Matt.Auditing\Matt.Auditing.csproj", "{43BF7132-808E-45E6-ACB1-4E467E4A4952}"
EndProject
Project("{FAE04EC0-301F-11D3-BF4B-00C04F79EFBC}") = "Acme.Domain.Shared", "Acme.Domain.Shared\Acme.Domain.Shared.csproj", "{E97BA0A9-EFC0-4A3F-AA37-627B47507081}"
EndProject
Project("{FAE04EC0-301F-11D3-BF4B-00C04F79EFBC}") = "Acme.Domain", "Acme.Domain\Acme.Domain.csproj", "{EE08569B-8D60-46B9-8525-F4207DA3608A}"
EndProject
Project("{FAE04EC0-301F-11D3-BF4B-00C04F79EFBC}") = "Acme.Application", "Acme.Application\Acme.Application.csproj", "{EF1BEE46-5322-46B3-ABC5-A3405440A16A}"
EndProject
Project("{FAE04EC0-301F-11D3-BF4B-00C04F79EFBC}") = "Acme.Application.Contracts", "Acme.Application.Contracts\Acme.Application.Contracts.csproj", "{A42764F6-BD35-464F-8E0F-BFC581A7C496}"
EndProject
Project("{FAE04EC0-301F-11D3-BF4B-00C04F79EFBC}") = "Acme.Persistence", "Acme.Persistence\Acme.Persistence.csproj", "{B67909C1-A105-4D1B-B9FF-E9FC5B6BBF65}"
EndProject
Project("{FAE04EC0-301F-11D3-BF4B-00C04F79EFBC}") = "Acme.Infrastructure", "Acme.Infrastructure\Acme.Infrastructure.csproj", "{F285A698-3079-40CD-85B4-94715364304A}"
EndProject
Project("{FAE04EC0-301F-11D3-BF4B-00C04F79EFBC}") = "Acme.Api.Host", "Acme.Api.Host\Acme.Api.Host.csproj", "{E9B0652D-F248-4473-8C58-DF67084F63D3}"
EndProject
Project("{FAE04EC0-301F-11D3-BF4B-00C04F79EFBC}") = "Acme.Api", "Acme.Api\Acme.Api.csproj", "{9C453408-F4E4-40A3-8B88-94E165F47BF1}"
EndProject
Project("{FAE04EC0-301F-11D3-BF4B-00C04F79EFBC}") = "Matt.AutoDI", "Matt.AutoDI\Matt.AutoDI.csproj", "{E2941DED-FD5F-49FC-A8DB-D74C3E5ED2DB}"
EndProject
Global
	GlobalSection(SolutionConfigurationPlatforms) = preSolution
		Debug|Any CPU = Debug|Any CPU
		Release|Any CPU = Release|Any CPU
	EndGlobalSection
	GlobalSection(NestedProjects) = preSolution
		{FEE731C2-6BE4-499A-9610-604EA0D60811} = {8539FE56-73EC-499C-A508-DBC110EC2F4B}
		{0B1202D1-5C37-45EB-AD18-445F5B8BE3AB} = {8539FE56-73EC-499C-A508-DBC110EC2F4B}
		{32BDAF77-3755-433D-A615-DBC6ECD36A1C} = {8539FE56-73EC-499C-A508-DBC110EC2F4B}
		{43BF7132-808E-45E6-ACB1-4E467E4A4952} = {8539FE56-73EC-499C-A508-DBC110EC2F4B}
		{E97BA0A9-EFC0-4A3F-AA37-627B47507081} = {F28AFC21-DE2E-4FE3-8028-0E57E739549B}
		{EE08569B-8D60-46B9-8525-F4207DA3608A} = {F28AFC21-DE2E-4FE3-8028-0E57E739549B}
		{EF1BEE46-5322-46B3-ABC5-A3405440A16A} = {F28AFC21-DE2E-4FE3-8028-0E57E739549B}
		{A42764F6-BD35-464F-8E0F-BFC581A7C496} = {F28AFC21-DE2E-4FE3-8028-0E57E739549B}
		{B67909C1-A105-4D1B-B9FF-E9FC5B6BBF65} = {F28AFC21-DE2E-4FE3-8028-0E57E739549B}
		{F285A698-3079-40CD-85B4-94715364304A} = {F28AFC21-DE2E-4FE3-8028-0E57E739549B}
		{E9B0652D-F248-4473-8C58-DF67084F63D3} = {F28AFC21-DE2E-4FE3-8028-0E57E739549B}
		{9C453408-F4E4-40A3-8B88-94E165F47BF1} = {F28AFC21-DE2E-4FE3-8028-0E57E739549B}
		{E2941DED-FD5F-49FC-A8DB-D74C3E5ED2DB} = {8539FE56-73EC-499C-A508-DBC110EC2F4B}
	EndGlobalSection
	GlobalSection(ProjectConfigurationPlatforms) = postSolution
		{FEE731C2-6BE4-499A-9610-604EA0D60811}.Debug|Any CPU.ActiveCfg = Debug|Any CPU
		{FEE731C2-6BE4-499A-9610-604EA0D60811}.Debug|Any CPU.Build.0 = Debug|Any CPU
		{FEE731C2-6BE4-499A-9610-604EA0D60811}.Release|Any CPU.ActiveCfg = Release|Any CPU
		{FEE731C2-6BE4-499A-9610-604EA0D60811}.Release|Any CPU.Build.0 = Release|Any CPU
		{0B1202D1-5C37-45EB-AD18-445F5B8BE3AB}.Debug|Any CPU.ActiveCfg = Debug|Any CPU
		{0B1202D1-5C37-45EB-AD18-445F5B8BE3AB}.Debug|Any CPU.Build.0 = Debug|Any CPU
		{0B1202D1-5C37-45EB-AD18-445F5B8BE3AB}.Release|Any CPU.ActiveCfg = Release|Any CPU
		{0B1202D1-5C37-45EB-AD18-445F5B8BE3AB}.Release|Any CPU.Build.0 = Release|Any CPU
		{32BDAF77-3755-433D-A615-DBC6ECD36A1C}.Debug|Any CPU.ActiveCfg = Debug|Any CPU
		{32BDAF77-3755-433D-A615-DBC6ECD36A1C}.Debug|Any CPU.Build.0 = Debug|Any CPU
		{32BDAF77-3755-433D-A615-DBC6ECD36A1C}.Release|Any CPU.ActiveCfg = Release|Any CPU
		{32BDAF77-3755-433D-A615-DBC6ECD36A1C}.Release|Any CPU.Build.0 = Release|Any CPU
		{43BF7132-808E-45E6-ACB1-4E467E4A4952}.Debug|Any CPU.ActiveCfg = Debug|Any CPU
		{43BF7132-808E-45E6-ACB1-4E467E4A4952}.Debug|Any CPU.Build.0 = Debug|Any CPU
		{43BF7132-808E-45E6-ACB1-4E467E4A4952}.Release|Any CPU.ActiveCfg = Release|Any CPU
		{43BF7132-808E-45E6-ACB1-4E467E4A4952}.Release|Any CPU.Build.0 = Release|Any CPU
		{E97BA0A9-EFC0-4A3F-AA37-627B47507081}.Debug|Any CPU.ActiveCfg = Debug|Any CPU
		{E97BA0A9-EFC0-4A3F-AA37-627B47507081}.Debug|Any CPU.Build.0 = Debug|Any CPU
		{E97BA0A9-EFC0-4A3F-AA37-627B47507081}.Release|Any CPU.ActiveCfg = Release|Any CPU
		{E97BA0A9-EFC0-4A3F-AA37-627B47507081}.Release|Any CPU.Build.0 = Release|Any CPU
		{EE08569B-8D60-46B9-8525-F4207DA3608A}.Debug|Any CPU.ActiveCfg = Debug|Any CPU
		{EE08569B-8D60-46B9-8525-F4207DA3608A}.Debug|Any CPU.Build.0 = Debug|Any CPU
		{EE08569B-8D60-46B9-8525-F4207DA3608A}.Release|Any CPU.ActiveCfg = Release|Any CPU
		{EE08569B-8D60-46B9-8525-F4207DA3608A}.Release|Any CPU.Build.0 = Release|Any CPU
		{EF1BEE46-5322-46B3-ABC5-A3405440A16A}.Debug|Any CPU.ActiveCfg = Debug|Any CPU
		{EF1BEE46-5322-46B3-ABC5-A3405440A16A}.Debug|Any CPU.Build.0 = Debug|Any CPU
		{EF1BEE46-5322-46B3-ABC5-A3405440A16A}.Release|Any CPU.ActiveCfg = Release|Any CPU
		{EF1BEE46-5322-46B3-ABC5-A3405440A16A}.Release|Any CPU.Build.0 = Release|Any CPU
		{A42764F6-BD35-464F-8E0F-BFC581A7C496}.Debug|Any CPU.ActiveCfg = Debug|Any CPU
		{A42764F6-BD35-464F-8E0F-BFC581A7C496}.Debug|Any CPU.Build.0 = Debug|Any CPU
		{A42764F6-BD35-464F-8E0F-BFC581A7C496}.Release|Any CPU.ActiveCfg = Release|Any CPU
		{A42764F6-BD35-464F-8E0F-BFC581A7C496}.Release|Any CPU.Build.0 = Release|Any CPU
		{B67909C1-A105-4D1B-B9FF-E9FC5B6BBF65}.Debug|Any CPU.ActiveCfg = Debug|Any CPU
		{B67909C1-A105-4D1B-B9FF-E9FC5B6BBF65}.Debug|Any CPU.Build.0 = Debug|Any CPU
		{B67909C1-A105-4D1B-B9FF-E9FC5B6BBF65}.Release|Any CPU.ActiveCfg = Release|Any CPU
		{B67909C1-A105-4D1B-B9FF-E9FC5B6BBF65}.Release|Any CPU.Build.0 = Release|Any CPU
		{F285A698-3079-40CD-85B4-94715364304A}.Debug|Any CPU.ActiveCfg = Debug|Any CPU
		{F285A698-3079-40CD-85B4-94715364304A}.Debug|Any CPU.Build.0 = Debug|Any CPU
		{F285A698-3079-40CD-85B4-94715364304A}.Release|Any CPU.ActiveCfg = Release|Any CPU
		{F285A698-3079-40CD-85B4-94715364304A}.Release|Any CPU.Build.0 = Release|Any CPU
		{E9B0652D-F248-4473-8C58-DF67084F63D3}.Debug|Any CPU.ActiveCfg = Debug|Any CPU
		{E9B0652D-F248-4473-8C58-DF67084F63D3}.Debug|Any CPU.Build.0 = Debug|Any CPU
		{E9B0652D-F248-4473-8C58-DF67084F63D3}.Release|Any CPU.ActiveCfg = Release|Any CPU
		{E9B0652D-F248-4473-8C58-DF67084F63D3}.Release|Any CPU.Build.0 = Release|Any CPU
		{9C453408-F4E4-40A3-8B88-94E165F47BF1}.Debug|Any CPU.ActiveCfg = Debug|Any CPU
		{9C453408-F4E4-40A3-8B88-94E165F47BF1}.Debug|Any CPU.Build.0 = Debug|Any CPU
		{9C453408-F4E4-40A3-8B88-94E165F47BF1}.Release|Any CPU.ActiveCfg = Release|Any CPU
		{9C453408-F4E4-40A3-8B88-94E165F47BF1}.Release|Any CPU.Build.0 = Release|Any CPU
		{E2941DED-FD5F-49FC-A8DB-D74C3E5ED2DB}.Debug|Any CPU.ActiveCfg = Debug|Any CPU
		{E2941DED-FD5F-49FC-A8DB-D74C3E5ED2DB}.Debug|Any CPU.Build.0 = Debug|Any CPU
		{E2941DED-FD5F-49FC-A8DB-D74C3E5ED2DB}.Release|Any CPU.ActiveCfg = Release|Any CPU
		{E2941DED-FD5F-49FC-A8DB-D74C3E5ED2DB}.Release|Any CPU.Build.0 = Release|Any CPU
	EndGlobalSection
EndGlobal
