
Microsoft Visual Studio Solution File, Format Version 12.00
Project("{2150E333-8FDC-42A3-9474-1A3956D46DE8}") = "src", "src", "{F28AFC21-DE2E-4FE3-8028-0E57E739549B}"
EndProject
Project("{2150E333-8FDC-42A3-9474-1A3956D46DE8}") = "test", "test", "{79AEEEC3-F97C-45C0-AF71-9D2A891EF2FD}"
EndProject
Project("{FAE04EC0-301F-11D3-BF4B-00C04F79EFBC}") = "Acme.Domain", "Acme.Domain\Acme.Domain.csproj", "{EE08569B-8D60-46B9-8525-F4207DA3608A}"
EndProject
Project("{FAE04EC0-301F-11D3-BF4B-00C04F79EFBC}") = "Acme.Application", "Acme.Application\Acme.Application.csproj", "{EF1BEE46-5322-46B3-ABC5-A3405440A16A}"
EndProject
Project("{FAE04EC0-301F-11D3-BF4B-00C04F79EFBC}") = "Acme.Application.Contracts", "Acme.Application.Contracts\Acme.Application.Contracts.csproj", "{A42764F6-BD35-464F-8E0F-BFC581A7C496}"
EndProject
Project("{FAE04EC0-301F-11D3-BF4B-00C04F79EFBC}") = "Acme.Infrastructure", "Acme.Infrastructure\Acme.Infrastructure.csproj", "{F285A698-3079-40CD-85B4-94715364304A}"
EndProject
Project("{FAE04EC0-301F-11D3-BF4B-00C04F79EFBC}") = "Acme.Api", "Acme.Api\Acme.Api.csproj", "{9C453408-F4E4-40A3-8B88-94E165F47BF1}"
EndProject
Project("{FAE04EC0-301F-11D3-BF4B-00C04F79EFBC}") = "Acme.TestSetup", "Acme.TestSetup\Acme.TestSetup.csproj", "{BB99AB27-AA24-4536-9B1F-AD6E4D857486}"
EndProject
Project("{FAE04EC0-301F-11D3-BF4B-00C04F79EFBC}") = "Acme.Domain.UnitTests", "Acme.Domain.UnitTests\Acme.Domain.UnitTests.csproj", "{84D7DDCA-E627-4A78-A78B-BC801F990B09}"
EndProject
Project("{FAE04EC0-301F-11D3-BF4B-00C04F79EFBC}") = "Acme.Application.UnitTests", "Acme.Application.UnitTests\Acme.Application.UnitTests.csproj", "{C38FAE6A-4ACC-478D-BF10-22AB1E577ED9}"
EndProject
Project("{2150E333-8FDC-42A3-9474-1A3956D46DE8}") = "tools", "tools", "{67E604A7-E5F1-475E-927B-F9C86C9F75DD}"
EndProject
Project("{FAE04EC0-301F-11D3-BF4B-00C04F79EFBC}") = "Acme.Aspire.AppHost", "Acme.Aspire.AppHost\Acme.Aspire.AppHost.csproj", "{6BE959D8-7411-4A7C-81A9-BDB7691F4259}"
EndProject
Project("{FAE04EC0-301F-11D3-BF4B-00C04F79EFBC}") = "Acme.Aspire.ServiceDefaults", "Acme.Aspire.ServiceDefaults\Acme.Aspire.ServiceDefaults.csproj", "{FAAB57BB-B800-40C0-80EE-06443B825DF1}"
EndProject
Global
	GlobalSection(SolutionConfigurationPlatforms) = preSolution
		Debug|Any CPU = Debug|Any CPU
		Release|Any CPU = Release|Any CPU
	EndGlobalSection
	GlobalSection(NestedProjects) = preSolution
		{EE08569B-8D60-46B9-8525-F4207DA3608A} = {F28AFC21-DE2E-4FE3-8028-0E57E739549B}
		{EF1BEE46-5322-46B3-ABC5-A3405440A16A} = {F28AFC21-DE2E-4FE3-8028-0E57E739549B}
		{A42764F6-BD35-464F-8E0F-BFC581A7C496} = {F28AFC21-DE2E-4FE3-8028-0E57E739549B}
		{F285A698-3079-40CD-85B4-94715364304A} = {F28AFC21-DE2E-4FE3-8028-0E57E739549B}
		{9C453408-F4E4-40A3-8B88-94E165F47BF1} = {F28AFC21-DE2E-4FE3-8028-0E57E739549B}
		{BB99AB27-AA24-4536-9B1F-AD6E4D857486} = {79AEEEC3-F97C-45C0-AF71-9D2A891EF2FD}
		{84D7DDCA-E627-4A78-A78B-BC801F990B09} = {79AEEEC3-F97C-45C0-AF71-9D2A891EF2FD}
		{C38FAE6A-4ACC-478D-BF10-22AB1E577ED9} = {79AEEEC3-F97C-45C0-AF71-9D2A891EF2FD}
		{6BE959D8-7411-4A7C-81A9-BDB7691F4259} = {67E604A7-E5F1-475E-927B-F9C86C9F75DD}
		{FAAB57BB-B800-40C0-80EE-06443B825DF1} = {67E604A7-E5F1-475E-927B-F9C86C9F75DD}
	EndGlobalSection
	GlobalSection(ProjectConfigurationPlatforms) = postSolution
		{EE08569B-8D60-46B9-8525-F4207DA3608A}.Debug|Any CPU.ActiveCfg = Debug|Any CPU
		{EE08569B-8D60-46B9-8525-F4207DA3608A}.Debug|Any CPU.Build.0 = Debug|Any CPU
		{EE08569B-8D60-46B9-8525-F4207DA3608A}.Release|Any CPU.ActiveCfg = Release|Any CPU
		{EE08569B-8D60-46B9-8525-F4207DA3608A}.Release|Any CPU.Build.0 = Release|Any CPU
		{EF1BEE46-5322-46B3-ABC5-A3405440A16A}.Debug|Any CPU.ActiveCfg = Debug|Any CPU
		{EF1BEE46-5322-46B3-ABC5-A3405440A16A}.Debug|Any CPU.Build.0 = Debug|Any CPU
		{EF1BEE46-5322-46B3-ABC5-A3405440A16A}.Release|Any CPU.ActiveCfg = Release|Any CPU
		{EF1BEE46-5322-46B3-ABC5-A3405440A16A}.Release|Any CPU.Build.0 = Release|Any CPU
		{A42764F6-BD35-464F-8E0F-BFC581A7C496}.Debug|Any CPU.ActiveCfg = Debug|Any CPU
		{A42764F6-BD35-464F-8E0F-BFC581A7C496}.Debug|Any CPU.Build.0 = Debug|Any CPU
		{A42764F6-BD35-464F-8E0F-BFC581A7C496}.Release|Any CPU.ActiveCfg = Release|Any CPU
		{A42764F6-BD35-464F-8E0F-BFC581A7C496}.Release|Any CPU.Build.0 = Release|Any CPU
		{F285A698-3079-40CD-85B4-94715364304A}.Debug|Any CPU.ActiveCfg = Debug|Any CPU
		{F285A698-3079-40CD-85B4-94715364304A}.Debug|Any CPU.Build.0 = Debug|Any CPU
		{F285A698-3079-40CD-85B4-94715364304A}.Release|Any CPU.ActiveCfg = Release|Any CPU
		{F285A698-3079-40CD-85B4-94715364304A}.Release|Any CPU.Build.0 = Release|Any CPU
		{9C453408-F4E4-40A3-8B88-94E165F47BF1}.Debug|Any CPU.ActiveCfg = Debug|Any CPU
		{9C453408-F4E4-40A3-8B88-94E165F47BF1}.Debug|Any CPU.Build.0 = Debug|Any CPU
		{9C453408-F4E4-40A3-8B88-94E165F47BF1}.Release|Any CPU.ActiveCfg = Release|Any CPU
		{9C453408-F4E4-40A3-8B88-94E165F47BF1}.Release|Any CPU.Build.0 = Release|Any CPU
		{BB99AB27-AA24-4536-9B1F-AD6E4D857486}.Debug|Any CPU.ActiveCfg = Debug|Any CPU
		{BB99AB27-AA24-4536-9B1F-AD6E4D857486}.Debug|Any CPU.Build.0 = Debug|Any CPU
		{BB99AB27-AA24-4536-9B1F-AD6E4D857486}.Release|Any CPU.ActiveCfg = Release|Any CPU
		{BB99AB27-AA24-4536-9B1F-AD6E4D857486}.Release|Any CPU.Build.0 = Release|Any CPU
		{84D7DDCA-E627-4A78-A78B-BC801F990B09}.Debug|Any CPU.ActiveCfg = Debug|Any CPU
		{84D7DDCA-E627-4A78-A78B-BC801F990B09}.Debug|Any CPU.Build.0 = Debug|Any CPU
		{84D7DDCA-E627-4A78-A78B-BC801F990B09}.Release|Any CPU.ActiveCfg = Release|Any CPU
		{84D7DDCA-E627-4A78-A78B-BC801F990B09}.Release|Any CPU.Build.0 = Release|Any CPU
		{C38FAE6A-4ACC-478D-BF10-22AB1E577ED9}.Debug|Any CPU.ActiveCfg = Debug|Any CPU
		{C38FAE6A-4ACC-478D-BF10-22AB1E577ED9}.Debug|Any CPU.Build.0 = Debug|Any CPU
		{C38FAE6A-4ACC-478D-BF10-22AB1E577ED9}.Release|Any CPU.ActiveCfg = Release|Any CPU
		{C38FAE6A-4ACC-478D-BF10-22AB1E577ED9}.Release|Any CPU.Build.0 = Release|Any CPU
		{6BE959D8-7411-4A7C-81A9-BDB7691F4259}.Debug|Any CPU.ActiveCfg = Debug|Any CPU
		{6BE959D8-7411-4A7C-81A9-BDB7691F4259}.Debug|Any CPU.Build.0 = Debug|Any CPU
		{6BE959D8-7411-4A7C-81A9-BDB7691F4259}.Release|Any CPU.ActiveCfg = Release|Any CPU
		{6BE959D8-7411-4A7C-81A9-BDB7691F4259}.Release|Any CPU.Build.0 = Release|Any CPU
		{FAAB57BB-B800-40C0-80EE-06443B825DF1}.Debug|Any CPU.ActiveCfg = Debug|Any CPU
		{FAAB57BB-B800-40C0-80EE-06443B825DF1}.Debug|Any CPU.Build.0 = Debug|Any CPU
		{FAAB57BB-B800-40C0-80EE-06443B825DF1}.Release|Any CPU.ActiveCfg = Release|Any CPU
		{FAAB57BB-B800-40C0-80EE-06443B825DF1}.Release|Any CPU.Build.0 = Release|Any CPU
	EndGlobalSection
EndGlobal
